
Microsoft Visual Studio Solution File, Format Version 12.00
# Visual Studio Version 16
VisualStudioVersion = 16.0.30523.141
MinimumVisualStudioVersion = 10.0.40219.1
Project("{8BC9CEB8-8B4A-11D0-8D11-00A0C91BC942}") = "Lab2", "Lab2.vcxproj", "{71D9FA9D-EAE7-465C-899A-E25382C704FA}"
EndProject
Global
	GlobalSection(SolutionConfigurationPlatforms) = preSolution
		Debug|x64 = Debug|x64
		Debug|x86 = Debug|x86
		Release|x64 = Release|x64
		Release|x86 = Release|x86
	EndGlobalSection
	GlobalSection(ProjectConfigurationPlatforms) = postSolution
		{71D9FA9D-EAE7-465C-899A-E25382C704FA}.Debug|x64.ActiveCfg = Debug|x64
		{71D9FA9D-EAE7-465C-899A-E25382C704FA}.Debug|x64.Build.0 = Debug|x64
		{71D9FA9D-EAE7-465C-899A-E25382C704FA}.Debug|x86.ActiveCfg = Debug|Win32
		{71D9FA9D-EAE7-465C-899A-E25382C704FA}.Debug|x86.Build.0 = Debug|Win32
		{71D9FA9D-EAE7-465C-899A-E25382C704FA}.Release|x64.ActiveCfg = Release|x64
		{71D9FA9D-EAE7-465C-899A-E25382C704FA}.Release|x64.Build.0 = Release|x64
		{71D9FA9D-EAE7-465C-899A-E25382C704FA}.Release|x86.ActiveCfg = Release|Win32
		{71D9FA9D-EAE7-465C-899A-E25382C704FA}.Release|x86.Build.0 = Release|Win32
	EndGlobalSection
	GlobalSection(SolutionProperties) = preSolution
		HideSolutionNode = FALSE
	EndGlobalSection
	GlobalSection(ExtensibilityGlobals) = postSolution
		SolutionGuid = {F6D8CB84-266F-488C-AF04-7C41A2EFB0A1}
	EndGlobalSection
EndGlobal
